
Microsoft Visual Studio Solution File, Format Version 12.00
# Visual Studio Version 16
VisualStudioVersion = 16.0.31729.503
MinimumVisualStudioVersion = 10.0.40219.1
Project("{FAE04EC0-301F-11D3-BF4B-00C04F79EFBC}") = "nocturnal-sandbox-web", "nocturnal-sandbox-web\nocturnal-sandbox-web.csproj", "{ABFB097E-32A3-44D1-94F1-78CA28396740}"
EndProject
Global
	GlobalSection(SolutionConfigurationPlatforms) = preSolution
		Debug|Any CPU = Debug|Any CPU
		Release|Any CPU = Release|Any CPU
	EndGlobalSection
	GlobalSection(ProjectConfigurationPlatforms) = postSolution
		{ABFB097E-32A3-44D1-94F1-78CA28396740}.Debug|Any CPU.ActiveCfg = Debug|Any CPU
		{ABFB097E-32A3-44D1-94F1-78CA28396740}.Debug|Any CPU.Build.0 = Debug|Any CPU
		{ABFB097E-32A3-44D1-94F1-78CA28396740}.Release|Any CPU.ActiveCfg = Release|Any CPU
		{ABFB097E-32A3-44D1-94F1-78CA28396740}.Release|Any CPU.Build.0 = Release|Any CPU
	EndGlobalSection
	GlobalSection(SolutionProperties) = preSolution
		HideSolutionNode = FALSE
	EndGlobalSection
	GlobalSection(ExtensibilityGlobals) = postSolution
		SolutionGuid = {B6D11D40-2DB3-4F21-9F13-F5D0E4EAC814}
	EndGlobalSection
EndGlobal
